[[package]]
name = "crc"
version = "1.4.0"
source = "registry+https://github.com/rust-lang/crates.io-index"
dependencies = [
 "lazy_static 0.2.11 (registry+https://github.com/rust-lang/crates.io-index)",
]

[[package]]
name = "lazy_static"
version = "0.2.11"
source = "registry+https://github.com/rust-lang/crates.io-index"

[[package]]
name = "libc"
version = "0.2.43"
source = "registry+https://github.com/rust-lang/crates.io-index"

[[package]]
name = "nom"
version = "3.0.0"
source = "registry+https://github.com/rust-lang/crates.io-index"

[[package]]
name = "ntp-parser"
version = "0.2.1"
source = "registry+https://github.com/rust-lang/crates.io-index"
dependencies = [
 "nom 3.0.0 (registry+https://github.com/rust-lang/crates.io-index)",
]

[[package]]
name = "suricata"
version = "4.0.6"
dependencies = [
 "crc 1.4.0 (registry+https://github.com/rust-lang/crates.io-index)",
 "libc 0.2.43 (registry+https://github.com/rust-lang/crates.io-index)",
 "nom 3.0.0 (registry+https://github.com/rust-lang/crates.io-index)",
 "ntp-parser 0.2.1 (registry+https://github.com/rust-lang/crates.io-index)",
]

[metadata]
"checksum crc 1.4.0 (registry+https://github.com/rust-lang/crates.io-index)" = "bc1914fae6f18ae347320f0ba5e4fc270e17c037ea621fe41ec7e8adf67d11b0"
"checksum lazy_static 0.2.11 (registry+https://github.com/rust-lang/crates.io-index)" = "76f033c7ad61445c5b347c7382dd1237847eb1bce590fe50365dcb33d546be73"
"checksum libc 0.2.43 (registry+https://github.com/rust-lang/crates.io-index)" = "76e3a3ef172f1a0b9a9ff0dd1491ae5e6c948b94479a3021819ba7d860c8645d"
"checksum nom 3.0.0 (registry+https://github.com/rust-lang/crates.io-index)" = "5388009f277d5d889ee01f0ba92e3620c759402cdf52a8d40e9ac06969ee3c88"
"checksum ntp-parser 0.2.1 (registry+https://github.com/rust-lang/crates.io-index)" = "31fd1cda63c0830ca59b78fe3f95f919c0f85244be96c3a3baec5690e9045b3f"
